
Microsoft Visual Studio Solution File, Format Version 10.00
# Visual Studio 2008
Project("{FAE04EC0-301F-11D3-BF4B-00C04F79EFBC}") = "QSilver.Silverlight", "Silverlight\QSilver\QSilver.Silverlight.csproj", "{177BBE97-17C5-45EC-A132-167A6EFB4B4F}"
EndProject
Project("{FAE04EC0-301F-11D3-BF4B-00C04F79EFBC}") = "QSilver.Web", "Silverlight\QSilver.Web\QSilver.Web.csproj", "{5A7B85CD-C53E-4C73-9913-D3EF6D55B4EC}"
EndProject
Project("{2150E333-8FDC-42A3-9474-1A3956D46DE8}") = "Desktop", "Desktop", "{84C55D48-8FF7-4E66-A0E9-D6249577EB26}"
EndProject
Project("{2150E333-8FDC-42A3-9474-1A3956D46DE8}") = "Silverlight", "Silverlight", "{551C33C5-8767-4D68-8E17-D32643672327}"
EndProject
Project("{2150E333-8FDC-42A3-9474-1A3956D46DE8}") = "QSilver Common", "QSilver Common", "{0A859467-BF3A-4330-AC5E-EF9E9957D68F}"
EndProject
Project("{FAE04EC0-301F-11D3-BF4B-00C04F79EFBC}") = "QSilver.Infrastructure.Silverlight", "Silverlight\QSilver.Infrastructure.Silverlight\QSilver.Infrastructure.Silverlight.csproj", "{020429F7-4C31-4AEF-BAE8-616B7B2BBB14}"
EndProject
Project("{2150E333-8FDC-42A3-9474-1A3956D46DE8}") = "Modules", "Modules", "{05A8337E-96C2-4F45-846F-778056B563F7}"
EndProject
Project("{2150E333-8FDC-42A3-9474-1A3956D46DE8}") = "Web", "Web", "{B1CBD2AA-FF7A-47DF-BC04-06DFD74B0707}"
EndProject
Project("{FAE04EC0-301F-11D3-BF4B-00C04F79EFBC}") = "QSilver.Modules.Market.Silverlight", "Silverlight\QSilver.Modules.Market.Silverlight\QSilver.Modules.Market.Silverlight.csproj", "{89D8FCF1-B3B0-4597-B39C-C6E78B872DE0}"
EndProject
Project("{FAE04EC0-301F-11D3-BF4B-00C04F79EFBC}") = "QSilver.Modules.Login.Silverlight", "Silverlight\QSilver.Modules.Login.Silverlight\QSilver.Modules.Login.Silverlight.csproj", "{E3953DD9-347F-452D-AC6C-A89887572609}"
EndProject
Project("{FAE04EC0-301F-11D3-BF4B-00C04F79EFBC}") = "QSilver.Modules.News.Silverlight", "Silverlight\QSilver.Modules.News.Silverlight\QSilver.Modules.News.Silverlight.csproj", "{2BACAB86-4547-44F9-ABFB-E36FE9355310}"
EndProject
Global
	GlobalSection(SolutionConfigurationPlatforms) = preSolution
		Debug|Any CPU = Debug|Any CPU
		Release|Any CPU = Release|Any CPU
	EndGlobalSection
	GlobalSection(ProjectConfigurationPlatforms) = postSolution
		{177BBE97-17C5-45EC-A132-167A6EFB4B4F}.Debug|Any CPU.ActiveCfg = Debug|Any CPU
		{177BBE97-17C5-45EC-A132-167A6EFB4B4F}.Debug|Any CPU.Build.0 = Debug|Any CPU
		{177BBE97-17C5-45EC-A132-167A6EFB4B4F}.Release|Any CPU.ActiveCfg = Release|Any CPU
		{177BBE97-17C5-45EC-A132-167A6EFB4B4F}.Release|Any CPU.Build.0 = Release|Any CPU
		{5A7B85CD-C53E-4C73-9913-D3EF6D55B4EC}.Debug|Any CPU.ActiveCfg = Debug|Any CPU
		{5A7B85CD-C53E-4C73-9913-D3EF6D55B4EC}.Debug|Any CPU.Build.0 = Debug|Any CPU
		{5A7B85CD-C53E-4C73-9913-D3EF6D55B4EC}.Release|Any CPU.ActiveCfg = Release|Any CPU
		{5A7B85CD-C53E-4C73-9913-D3EF6D55B4EC}.Release|Any CPU.Build.0 = Release|Any CPU
		{020429F7-4C31-4AEF-BAE8-616B7B2BBB14}.Debug|Any CPU.ActiveCfg = Debug|Any CPU
		{020429F7-4C31-4AEF-BAE8-616B7B2BBB14}.Debug|Any CPU.Build.0 = Debug|Any CPU
		{020429F7-4C31-4AEF-BAE8-616B7B2BBB14}.Release|Any CPU.ActiveCfg = Release|Any CPU
		{020429F7-4C31-4AEF-BAE8-616B7B2BBB14}.Release|Any CPU.Build.0 = Release|Any CPU
		{89D8FCF1-B3B0-4597-B39C-C6E78B872DE0}.Debug|Any CPU.ActiveCfg = Debug|Any CPU
		{89D8FCF1-B3B0-4597-B39C-C6E78B872DE0}.Debug|Any CPU.Build.0 = Debug|Any CPU
		{89D8FCF1-B3B0-4597-B39C-C6E78B872DE0}.Release|Any CPU.ActiveCfg = Release|Any CPU
		{89D8FCF1-B3B0-4597-B39C-C6E78B872DE0}.Release|Any CPU.Build.0 = Release|Any CPU
		{E3953DD9-347F-452D-AC6C-A89887572609}.Debug|Any CPU.ActiveCfg = Debug|Any CPU
		{E3953DD9-347F-452D-AC6C-A89887572609}.Debug|Any CPU.Build.0 = Debug|Any CPU
		{E3953DD9-347F-452D-AC6C-A89887572609}.Release|Any CPU.ActiveCfg = Release|Any CPU
		{E3953DD9-347F-452D-AC6C-A89887572609}.Release|Any CPU.Build.0 = Release|Any CPU
		{2BACAB86-4547-44F9-ABFB-E36FE9355310}.Debug|Any CPU.ActiveCfg = Debug|Any CPU
		{2BACAB86-4547-44F9-ABFB-E36FE9355310}.Debug|Any CPU.Build.0 = Debug|Any CPU
		{2BACAB86-4547-44F9-ABFB-E36FE9355310}.Release|Any CPU.ActiveCfg = Release|Any CPU
		{2BACAB86-4547-44F9-ABFB-E36FE9355310}.Release|Any CPU.Build.0 = Release|Any CPU
	EndGlobalSection
	GlobalSection(SolutionProperties) = preSolution
		HideSolutionNode = FALSE
	EndGlobalSection
	GlobalSection(NestedProjects) = preSolution
		{B1CBD2AA-FF7A-47DF-BC04-06DFD74B0707} = {551C33C5-8767-4D68-8E17-D32643672327}
		{177BBE97-17C5-45EC-A132-167A6EFB4B4F} = {551C33C5-8767-4D68-8E17-D32643672327}
		{0A859467-BF3A-4330-AC5E-EF9E9957D68F} = {551C33C5-8767-4D68-8E17-D32643672327}
		{05A8337E-96C2-4F45-846F-778056B563F7} = {551C33C5-8767-4D68-8E17-D32643672327}
		{5A7B85CD-C53E-4C73-9913-D3EF6D55B4EC} = {B1CBD2AA-FF7A-47DF-BC04-06DFD74B0707}
		{020429F7-4C31-4AEF-BAE8-616B7B2BBB14} = {0A859467-BF3A-4330-AC5E-EF9E9957D68F}
		{89D8FCF1-B3B0-4597-B39C-C6E78B872DE0} = {05A8337E-96C2-4F45-846F-778056B563F7}
		{E3953DD9-347F-452D-AC6C-A89887572609} = {05A8337E-96C2-4F45-846F-778056B563F7}
		{2BACAB86-4547-44F9-ABFB-E36FE9355310} = {05A8337E-96C2-4F45-846F-778056B563F7}
	EndGlobalSection
EndGlobal
