
Microsoft Visual Studio Solution File, Format Version 10.00
# Visual Studio 2008
Project("{FAE04EC0-301F-11D3-BF4B-00C04F79EFBC}") = "QLNet", "QLNet\QLNet.csproj", "{F6E762BD-DCDF-4CA0-ABAD-CB21C7D03BEC}"
EndProject
Project("{FAE04EC0-301F-11D3-BF4B-00C04F79EFBC}") = "Test2008", "Test2008\Test2008.csproj", "{2EF8B45B-940A-4B77-8776-E8CE0036961E}"
EndProject
Project("{FAE04EC0-301F-11D3-BF4B-00C04F79EFBC}") = "Repo", "Repo\Repo.csproj", "{B164BA00-F6C6-43FD-804C-412FFD763E7B}"
EndProject
Project("{FAE04EC0-301F-11D3-BF4B-00C04F79EFBC}") = "Swap", "Swap\Swap.csproj", "{49B855BB-E828-48DF-90BC-A14D1233F746}"
EndProject
Project("{FAE04EC0-301F-11D3-BF4B-00C04F79EFBC}") = "FRA", "FRA\FRA.csproj", "{96693C81-8F03-4FCF-AC22-470820236A8A}"
EndProject
Project("{2150E333-8FDC-42A3-9474-1A3956D46DE8}") = "Examples", "Examples", "{8D43AF7B-8B87-46EC-B6F4-7271051049B2}"
EndProject
Project("{FAE04EC0-301F-11D3-BF4B-00C04F79EFBC}") = "EquityOption", "EquityOption\EquityOption.csproj", "{6F0131DC-A031-4422-85AD-C8C497AE244F}"
EndProject
Project("{2150E333-8FDC-42A3-9474-1A3956D46DE8}") = "VisualBasic", "VisualBasic", "{26B2ADB7-E5D9-4687-8CB4-7B652499BCB1}"
EndProject
Project("{F184B08F-C81C-45F6-A57F-5ABD9991F28F}") = "Swap", "VB\Swap\Swap.vbproj", "{5724FF23-DB57-4D10-B88E-B1DFF1249C88}"
EndProject
Project("{2150E333-8FDC-42A3-9474-1A3956D46DE8}") = "Solution Items", "Solution Items", "{0A13061B-C0D9-4D34-981A-E506240D6A75}"
	ProjectSection(SolutionItems) = preProject
		QLNet.vsmdi = QLNet.vsmdi
	EndProjectSection
EndProject
Global
	GlobalSection(TestCaseManagementSettings) = postSolution
		CategoryFile = QLNet.vsmdi
	EndGlobalSection
	GlobalSection(SolutionConfigurationPlatforms) = preSolution
		Debug|Any CPU = Debug|Any CPU
		Release|Any CPU = Release|Any CPU
	EndGlobalSection
	GlobalSection(ProjectConfigurationPlatforms) = postSolution
		{F6E762BD-DCDF-4CA0-ABAD-CB21C7D03BEC}.Debug|Any CPU.ActiveCfg = Debug|Any CPU
		{F6E762BD-DCDF-4CA0-ABAD-CB21C7D03BEC}.Debug|Any CPU.Build.0 = Debug|Any CPU
		{F6E762BD-DCDF-4CA0-ABAD-CB21C7D03BEC}.Release|Any CPU.ActiveCfg = Release|Any CPU
		{F6E762BD-DCDF-4CA0-ABAD-CB21C7D03BEC}.Release|Any CPU.Build.0 = Release|Any CPU
		{2EF8B45B-940A-4B77-8776-E8CE0036961E}.Debug|Any CPU.ActiveCfg = Debug|Any CPU
		{2EF8B45B-940A-4B77-8776-E8CE0036961E}.Debug|Any CPU.Build.0 = Debug|Any CPU
		{2EF8B45B-940A-4B77-8776-E8CE0036961E}.Release|Any CPU.ActiveCfg = Release|Any CPU
		{2EF8B45B-940A-4B77-8776-E8CE0036961E}.Release|Any CPU.Build.0 = Release|Any CPU
		{B164BA00-F6C6-43FD-804C-412FFD763E7B}.Debug|Any CPU.ActiveCfg = Debug|Any CPU
		{B164BA00-F6C6-43FD-804C-412FFD763E7B}.Release|Any CPU.ActiveCfg = Release|Any CPU
		{B164BA00-F6C6-43FD-804C-412FFD763E7B}.Release|Any CPU.Build.0 = Release|Any CPU
		{49B855BB-E828-48DF-90BC-A14D1233F746}.Debug|Any CPU.ActiveCfg = Debug|Any CPU
		{49B855BB-E828-48DF-90BC-A14D1233F746}.Release|Any CPU.ActiveCfg = Release|Any CPU
		{49B855BB-E828-48DF-90BC-A14D1233F746}.Release|Any CPU.Build.0 = Release|Any CPU
		{96693C81-8F03-4FCF-AC22-470820236A8A}.Debug|Any CPU.ActiveCfg = Debug|Any CPU
		{96693C81-8F03-4FCF-AC22-470820236A8A}.Release|Any CPU.ActiveCfg = Release|Any CPU
		{96693C81-8F03-4FCF-AC22-470820236A8A}.Release|Any CPU.Build.0 = Release|Any CPU
		{6F0131DC-A031-4422-85AD-C8C497AE244F}.Debug|Any CPU.ActiveCfg = Debug|Any CPU
		{6F0131DC-A031-4422-85AD-C8C497AE244F}.Debug|Any CPU.Build.0 = Debug|Any CPU
		{6F0131DC-A031-4422-85AD-C8C497AE244F}.Release|Any CPU.ActiveCfg = Release|Any CPU
		{6F0131DC-A031-4422-85AD-C8C497AE244F}.Release|Any CPU.Build.0 = Release|Any CPU
		{5724FF23-DB57-4D10-B88E-B1DFF1249C88}.Debug|Any CPU.ActiveCfg = Debug|Any CPU
		{5724FF23-DB57-4D10-B88E-B1DFF1249C88}.Release|Any CPU.ActiveCfg = Release|Any CPU
		{5724FF23-DB57-4D10-B88E-B1DFF1249C88}.Release|Any CPU.Build.0 = Release|Any CPU
	EndGlobalSection
	GlobalSection(SolutionProperties) = preSolution
		HideSolutionNode = FALSE
	EndGlobalSection
	GlobalSection(NestedProjects) = preSolution
		{49B855BB-E828-48DF-90BC-A14D1233F746} = {8D43AF7B-8B87-46EC-B6F4-7271051049B2}
		{96693C81-8F03-4FCF-AC22-470820236A8A} = {8D43AF7B-8B87-46EC-B6F4-7271051049B2}
		{B164BA00-F6C6-43FD-804C-412FFD763E7B} = {8D43AF7B-8B87-46EC-B6F4-7271051049B2}
		{6F0131DC-A031-4422-85AD-C8C497AE244F} = {8D43AF7B-8B87-46EC-B6F4-7271051049B2}
		{26B2ADB7-E5D9-4687-8CB4-7B652499BCB1} = {8D43AF7B-8B87-46EC-B6F4-7271051049B2}
		{5724FF23-DB57-4D10-B88E-B1DFF1249C88} = {26B2ADB7-E5D9-4687-8CB4-7B652499BCB1}
	EndGlobalSection
EndGlobal
