
Microsoft Visual Studio Solution File, Format Version 9.00
# Visual Studio 2005
Project("{FAE04EC0-301F-11D3-BF4B-00C04F79EFBC}") = "QLNet", "QLNet\QLNet.csproj", "{F6E762BD-DCDF-4CA0-ABAD-CB21C7D03BEC}"
EndProject
Project("{FAE04EC0-301F-11D3-BF4B-00C04F79EFBC}") = "TestSuite", "TestSuite\TestSuite.csproj", "{2C28E61F-9700-484B-9968-EFBF6EEFDCDE}"
EndProject
Project("{2150E333-8FDC-42A3-9474-1A3956D46DE8}") = "Solution Items", "Solution Items", "{A1B2F21C-BD08-4751-9FBE-6DD0405E3DBC}"
	ProjectSection(SolutionItems) = preProject
		localtestrun.testrunconfig = localtestrun.testrunconfig
		QLNet.vsmdi = QLNet.vsmdi
	EndProjectSection
EndProject
Global
	GlobalSection(TestCaseManagementSettings) = postSolution
		CategoryFile = QLNet.vsmdi
	EndGlobalSection
	GlobalSection(SolutionConfigurationPlatforms) = preSolution
		Debug|Any CPU = Debug|Any CPU
		Release|Any CPU = Release|Any CPU
	EndGlobalSection
	GlobalSection(ProjectConfigurationPlatforms) = postSolution
		{F6E762BD-DCDF-4CA0-ABAD-CB21C7D03BEC}.Debug|Any CPU.ActiveCfg = Debug|Any CPU
		{F6E762BD-DCDF-4CA0-ABAD-CB21C7D03BEC}.Debug|Any CPU.Build.0 = Debug|Any CPU
		{F6E762BD-DCDF-4CA0-ABAD-CB21C7D03BEC}.Release|Any CPU.ActiveCfg = Release|Any CPU
		{F6E762BD-DCDF-4CA0-ABAD-CB21C7D03BEC}.Release|Any CPU.Build.0 = Release|Any CPU
		{2C28E61F-9700-484B-9968-EFBF6EEFDCDE}.Debug|Any CPU.ActiveCfg = Debug|Any CPU
		{2C28E61F-9700-484B-9968-EFBF6EEFDCDE}.Debug|Any CPU.Build.0 = Debug|Any CPU
		{2C28E61F-9700-484B-9968-EFBF6EEFDCDE}.Release|Any CPU.ActiveCfg = Release|Any CPU
		{2C28E61F-9700-484B-9968-EFBF6EEFDCDE}.Release|Any CPU.Build.0 = Release|Any CPU
	EndGlobalSection
	GlobalSection(SolutionProperties) = preSolution
		HideSolutionNode = FALSE
	EndGlobalSection
EndGlobal
